
Microsoft Visual Studio Solution File, Format Version 12.00
# Visual Studio Version 17
VisualStudioVersion = 17.9.34728.123
MinimumVisualStudioVersion = 10.0.40219.1
Project("{2150E333-8FDC-42A3-9474-1A3956D46DE8}") = "src", "src", "{C504B271-36C6-4227-8381-6B4ADCBDEF5C}"
EndProject
Project("{2150E333-8FDC-42A3-9474-1A3956D46DE8}") = "services", "services", "{F85E7CF0-359B-4128-8A3E-17A4FDBEB48F}"
EndProject
Project("{2150E333-8FDC-42A3-9474-1A3956D46DE8}") = "users-service", "users-service", "{8B5CBBCD-AB09-41E1-90F4-0BF1428903BC}"
EndProject
Project("{2150E333-8FDC-42A3-9474-1A3956D46DE8}") = "shared", "shared", "{2C868A87-F5B3-434A-A477-84B5D6D90701}"
EndProject
Project("{2150E333-8FDC-42A3-9474-1A3956D46DE8}") = "Commons", "Commons", "{B27B529A-E9B4-4587-BDCC-3C8111FB9BA9}"
EndProject
Project("{2150E333-8FDC-42A3-9474-1A3956D46DE8}") = "Extensions", "Extensions", "{57C8D7E9-A75A-46C4-BA28-357955860C44}"
EndProject
Project("{2150E333-8FDC-42A3-9474-1A3956D46DE8}") = "Utilities", "Utilities", "{4DA7BE4E-FBD9-4BB4-8677-218F96D4315A}"
EndProject
Project("{2150E333-8FDC-42A3-9474-1A3956D46DE8}") = "order-service", "order-service", "{61B2D69E-27A8-4EF8-A5E4-BB30472BD21B}"
EndProject
Project("{2150E333-8FDC-42A3-9474-1A3956D46DE8}") = "Middleware", "Middleware", "{D4675145-9626-4950-85CF-BE0999480FB2}"
EndProject
Project("{FAE04EC0-301F-11D3-BF4B-00C04F79EFBC}") = "Ixm.Nexus.Users.Application", "src\users-service\Ixm.Nexus.Users.Application\Ixm.Nexus.Users.Application.csproj", "{830057EF-5597-4AD9-AD20-CC232C83371F}"
EndProject
Project("{FAE04EC0-301F-11D3-BF4B-00C04F79EFBC}") = "Ixm.Nexus.Users.Api", "src\users-service\Ixm.Nexus.Users.Api\Ixm.Nexus.Users.Api.csproj", "{115F5EFD-610F-4164-9D77-9CC51093DA2D}"
EndProject
Project("{FAE04EC0-301F-11D3-BF4B-00C04F79EFBC}") = "Ixm.Nexus.Users.Domain", "src\users-service\Ixm.Nexus.Users.Domain\Ixm.Nexus.Users.Domain.csproj", "{A3D1B6C3-A5FF-424C-889C-70BEA3A44BC2}"
EndProject
Project("{FAE04EC0-301F-11D3-BF4B-00C04F79EFBC}") = "Ixm.Nexus.Users.Infrastructure", "src\users-service\Ixm.Nexus.Users.Infrastructure\Ixm.Nexus.Users.Infrastructure.csproj", "{D49D941B-2AE9-4476-9001-FB5F9104EAE0}"
EndProject
Project("{FAE04EC0-301F-11D3-BF4B-00C04F79EFBC}") = "Ixm.Nexus.Utils.ExcelUtilities", "shared\Utils\Ixm.Nexus.Utils.ExcelUtilities\Ixm.Nexus.Utils.ExcelUtilities.csproj", "{6F42C3E5-8A66-455A-B600-7C909BF6D3E7}"
EndProject
Project("{FAE04EC0-301F-11D3-BF4B-00C04F79EFBC}") = "Ixm.Nexus.EventBus", "shared\Commons\Ixm.Nexus.EventBus\Ixm.Nexus.EventBus.csproj", "{2CBDB192-EEA4-4945-900B-DD0E8A73D7A2}"
EndProject
Project("{FAE04EC0-301F-11D3-BF4B-00C04F79EFBC}") = "Ixm.Nexus.ExceptionHandling", "shared\Middleware\Ixm.Nexus.ExceptionHandling\Ixm.Nexus.ExceptionHandling.csproj", "{9CD9E8CE-2FB5-4D49-86F3-2215D4460FBE}"
EndProject
Project("{2150E333-8FDC-42A3-9474-1A3956D46DE8}") = "Solution Items", "Solution Items", "{D49214E9-6A03-456F-8542-1A0F91ED55DA}"
	ProjectSection(SolutionItems) = preProject
		.editorconfig = .editorconfig
	EndProjectSection
EndProject
Project("{FAE04EC0-301F-11D3-BF4B-00C04F79EFBC}") = "Ixm.Nexus.Commons", "shared\Commons\Ixm.Nexus.Commons\Ixm.Nexus.Commons.csproj", "{14BF4EA8-630C-498B-B7B4-BC590F082EEF}"
EndProject
Global
	GlobalSection(SolutionConfigurationPlatforms) = preSolution
		Debug|Any CPU = Debug|Any CPU
		Release|Any CPU = Release|Any CPU
	EndGlobalSection
	GlobalSection(ProjectConfigurationPlatforms) = postSolution
		{830057EF-5597-4AD9-AD20-CC232C83371F}.Debug|Any CPU.ActiveCfg = Debug|Any CPU
		{830057EF-5597-4AD9-AD20-CC232C83371F}.Debug|Any CPU.Build.0 = Debug|Any CPU
		{830057EF-5597-4AD9-AD20-CC232C83371F}.Release|Any CPU.ActiveCfg = Release|Any CPU
		{830057EF-5597-4AD9-AD20-CC232C83371F}.Release|Any CPU.Build.0 = Release|Any CPU
		{115F5EFD-610F-4164-9D77-9CC51093DA2D}.Debug|Any CPU.ActiveCfg = Debug|Any CPU
		{115F5EFD-610F-4164-9D77-9CC51093DA2D}.Debug|Any CPU.Build.0 = Debug|Any CPU
		{115F5EFD-610F-4164-9D77-9CC51093DA2D}.Release|Any CPU.ActiveCfg = Release|Any CPU
		{115F5EFD-610F-4164-9D77-9CC51093DA2D}.Release|Any CPU.Build.0 = Release|Any CPU
		{A3D1B6C3-A5FF-424C-889C-70BEA3A44BC2}.Debug|Any CPU.ActiveCfg = Debug|Any CPU
		{A3D1B6C3-A5FF-424C-889C-70BEA3A44BC2}.Debug|Any CPU.Build.0 = Debug|Any CPU
		{A3D1B6C3-A5FF-424C-889C-70BEA3A44BC2}.Release|Any CPU.ActiveCfg = Release|Any CPU
		{A3D1B6C3-A5FF-424C-889C-70BEA3A44BC2}.Release|Any CPU.Build.0 = Release|Any CPU
		{D49D941B-2AE9-4476-9001-FB5F9104EAE0}.Debug|Any CPU.ActiveCfg = Debug|Any CPU
		{D49D941B-2AE9-4476-9001-FB5F9104EAE0}.Debug|Any CPU.Build.0 = Debug|Any CPU
		{D49D941B-2AE9-4476-9001-FB5F9104EAE0}.Release|Any CPU.ActiveCfg = Release|Any CPU
		{D49D941B-2AE9-4476-9001-FB5F9104EAE0}.Release|Any CPU.Build.0 = Release|Any CPU
		{6F42C3E5-8A66-455A-B600-7C909BF6D3E7}.Debug|Any CPU.ActiveCfg = Debug|Any CPU
		{6F42C3E5-8A66-455A-B600-7C909BF6D3E7}.Debug|Any CPU.Build.0 = Debug|Any CPU
		{6F42C3E5-8A66-455A-B600-7C909BF6D3E7}.Release|Any CPU.ActiveCfg = Release|Any CPU
		{6F42C3E5-8A66-455A-B600-7C909BF6D3E7}.Release|Any CPU.Build.0 = Release|Any CPU
		{2CBDB192-EEA4-4945-900B-DD0E8A73D7A2}.Debug|Any CPU.ActiveCfg = Debug|Any CPU
		{2CBDB192-EEA4-4945-900B-DD0E8A73D7A2}.Debug|Any CPU.Build.0 = Debug|Any CPU
		{2CBDB192-EEA4-4945-900B-DD0E8A73D7A2}.Release|Any CPU.ActiveCfg = Release|Any CPU
		{2CBDB192-EEA4-4945-900B-DD0E8A73D7A2}.Release|Any CPU.Build.0 = Release|Any CPU
		{9CD9E8CE-2FB5-4D49-86F3-2215D4460FBE}.Debug|Any CPU.ActiveCfg = Debug|Any CPU
		{9CD9E8CE-2FB5-4D49-86F3-2215D4460FBE}.Debug|Any CPU.Build.0 = Debug|Any CPU
		{9CD9E8CE-2FB5-4D49-86F3-2215D4460FBE}.Release|Any CPU.ActiveCfg = Release|Any CPU
		{9CD9E8CE-2FB5-4D49-86F3-2215D4460FBE}.Release|Any CPU.Build.0 = Release|Any CPU
		{14BF4EA8-630C-498B-B7B4-BC590F082EEF}.Debug|Any CPU.ActiveCfg = Debug|Any CPU
		{14BF4EA8-630C-498B-B7B4-BC590F082EEF}.Debug|Any CPU.Build.0 = Debug|Any CPU
		{14BF4EA8-630C-498B-B7B4-BC590F082EEF}.Release|Any CPU.ActiveCfg = Release|Any CPU
		{14BF4EA8-630C-498B-B7B4-BC590F082EEF}.Release|Any CPU.Build.0 = Release|Any CPU
	EndGlobalSection
	GlobalSection(SolutionProperties) = preSolution
		HideSolutionNode = FALSE
	EndGlobalSection
	GlobalSection(NestedProjects) = preSolution
		{F85E7CF0-359B-4128-8A3E-17A4FDBEB48F} = {C504B271-36C6-4227-8381-6B4ADCBDEF5C}
		{8B5CBBCD-AB09-41E1-90F4-0BF1428903BC} = {F85E7CF0-359B-4128-8A3E-17A4FDBEB48F}
		{2C868A87-F5B3-434A-A477-84B5D6D90701} = {C504B271-36C6-4227-8381-6B4ADCBDEF5C}
		{B27B529A-E9B4-4587-BDCC-3C8111FB9BA9} = {2C868A87-F5B3-434A-A477-84B5D6D90701}
		{57C8D7E9-A75A-46C4-BA28-357955860C44} = {2C868A87-F5B3-434A-A477-84B5D6D90701}
		{4DA7BE4E-FBD9-4BB4-8677-218F96D4315A} = {2C868A87-F5B3-434A-A477-84B5D6D90701}
		{61B2D69E-27A8-4EF8-A5E4-BB30472BD21B} = {F85E7CF0-359B-4128-8A3E-17A4FDBEB48F}
		{D4675145-9626-4950-85CF-BE0999480FB2} = {2C868A87-F5B3-434A-A477-84B5D6D90701}
		{830057EF-5597-4AD9-AD20-CC232C83371F} = {8B5CBBCD-AB09-41E1-90F4-0BF1428903BC}
		{115F5EFD-610F-4164-9D77-9CC51093DA2D} = {8B5CBBCD-AB09-41E1-90F4-0BF1428903BC}
		{A3D1B6C3-A5FF-424C-889C-70BEA3A44BC2} = {8B5CBBCD-AB09-41E1-90F4-0BF1428903BC}
		{D49D941B-2AE9-4476-9001-FB5F9104EAE0} = {8B5CBBCD-AB09-41E1-90F4-0BF1428903BC}
		{6F42C3E5-8A66-455A-B600-7C909BF6D3E7} = {4DA7BE4E-FBD9-4BB4-8677-218F96D4315A}
		{2CBDB192-EEA4-4945-900B-DD0E8A73D7A2} = {B27B529A-E9B4-4587-BDCC-3C8111FB9BA9}
		{9CD9E8CE-2FB5-4D49-86F3-2215D4460FBE} = {D4675145-9626-4950-85CF-BE0999480FB2}
		{14BF4EA8-630C-498B-B7B4-BC590F082EEF} = {B27B529A-E9B4-4587-BDCC-3C8111FB9BA9}
	EndGlobalSection
	GlobalSection(ExtensibilityGlobals) = postSolution
		SolutionGuid = {46A5EA75-F9A0-47DE-BE8E-E228BF2E0A12}
	EndGlobalSection
EndGlobal
